
Microsoft Visual Studio Solution File, Format Version 12.00
# Visual Studio Version 17
VisualStudioVersion = 17.10.35122.118
MinimumVisualStudioVersion = 10.0.40219.1
Project("{888888A0-9F3D-457C-B088-3A5042F75D52}") = "med17 calla calculator", "med17 calla calculator.pyproj", "{3FEA9493-D15F-4653-9570-1BDB69E70B2C}"
EndProject
Global
	GlobalSection(SolutionConfigurationPlatforms) = preSolution
		Debug|Any CPU = Debug|Any CPU
		Release|Any CPU = Release|Any CPU
	EndGlobalSection
	GlobalSection(ProjectConfigurationPlatforms) = postSolution
		{3FEA9493-D15F-4653-9570-1BDB69E70B2C}.Debug|Any CPU.ActiveCfg = Debug|Any CPU
		{3FEA9493-D15F-4653-9570-1BDB69E70B2C}.Release|Any CPU.ActiveCfg = Release|Any CPU
	EndGlobalSection
	GlobalSection(SolutionProperties) = preSolution
		HideSolutionNode = FALSE
	EndGlobalSection
	GlobalSection(ExtensibilityGlobals) = postSolution
		SolutionGuid = {779C01B3-2374-4B3C-ABCF-E4F3738BB74A}
	EndGlobalSection
EndGlobal
